
Microsoft Visual Studio Solution File, Format Version 12.00
# Visual Studio Version 16
VisualStudioVersion = 16.0.28803.352
MinimumVisualStudioVersion = 10.0.40219.1
Project("{FAE04EC0-301F-11D3-BF4B-00C04F79EFBC}") = "ArduBeats", "ArduBeats\ArduBeats.csproj", "{9CEA1897-067E-4F71-97D1-46C54E95F26B}"
EndProject
Global
	GlobalSection(SolutionConfigurationPlatforms) = preSolution
		Debug|Any CPU = Debug|Any CPU
		Release|Any CPU = Release|Any CPU
	EndGlobalSection
	GlobalSection(ProjectConfigurationPlatforms) = postSolution
		{9CEA1897-067E-4F71-97D1-46C54E95F26B}.Debug|Any CPU.ActiveCfg = Debug|Any CPU
		{9CEA1897-067E-4F71-97D1-46C54E95F26B}.Debug|Any CPU.Build.0 = Debug|Any CPU
		{9CEA1897-067E-4F71-97D1-46C54E95F26B}.Release|Any CPU.ActiveCfg = Release|Any CPU
		{9CEA1897-067E-4F71-97D1-46C54E95F26B}.Release|Any CPU.Build.0 = Release|Any CPU
	EndGlobalSection
	GlobalSection(SolutionProperties) = preSolution
		HideSolutionNode = FALSE
	EndGlobalSection
	GlobalSection(ExtensibilityGlobals) = postSolution
		SolutionGuid = {21204C77-EBB3-4D58-AA91-BE51796B2AAF}
	EndGlobalSection
EndGlobal
